
Microsoft Visual Studio Solution File, Format Version 12.00
# Visual Studio Version 16
VisualStudioVersion = 16.0.30309.148
MinimumVisualStudioVersion = 10.0.40219.1
Project("{FAE04EC0-301F-11D3-BF4B-00C04F79EFBC}") = "Part 8 Test", "Part 8 Test.csproj", "{40AEBE22-6A6F-4AA8-9E82-204D1D8CF30D}"
EndProject
Global
	GlobalSection(SolutionConfigurationPlatforms) = preSolution
		Debug|Any CPU = Debug|Any CPU
		Release|Any CPU = Release|Any CPU
	EndGlobalSection
	GlobalSection(ProjectConfigurationPlatforms) = postSolution
		{40AEBE22-6A6F-4AA8-9E82-204D1D8CF30D}.Debug|Any CPU.ActiveCfg = Debug|Any CPU
		{40AEBE22-6A6F-4AA8-9E82-204D1D8CF30D}.Debug|Any CPU.Build.0 = Debug|Any CPU
		{40AEBE22-6A6F-4AA8-9E82-204D1D8CF30D}.Release|Any CPU.ActiveCfg = Release|Any CPU
		{40AEBE22-6A6F-4AA8-9E82-204D1D8CF30D}.Release|Any CPU.Build.0 = Release|Any CPU
	EndGlobalSection
	GlobalSection(SolutionProperties) = preSolution
		HideSolutionNode = FALSE
	EndGlobalSection
	GlobalSection(ExtensibilityGlobals) = postSolution
		SolutionGuid = {7C82BD45-39F8-4642-BB61-02D1C4CA9F0A}
	EndGlobalSection
EndGlobal
